// !$*UTF8*$!
{
	archiveVersion = 1;
	classes = {
	};
	objectVersion = 46;
	objects = {

/* Begin PBXBuildFile section */
		FCA1EAE514F3823900FAE9FA /* UIKit.framework in Frameworks */ = {isa = PBXBuildFile; fileRef = FCA1EAE414F3823900FAE9FA /* UIKit.framework */; };
		FCA1EAE714F3823900FAE9FA /* Foundation.framework in Frameworks */ = {isa = PBXBuildFile; fileRef = FCA1EAE614F3823900FAE9FA /* Foundation.framework */; };
		FCA1EAE914F3823900FAE9FA /* CoreGraphics.framework in Frameworks */ = {isa = PBXBuildFile; fileRef = FCA1EAE814F3823900FAE9FA /* CoreGraphics.framework */; };
		FCA1EAEF14F3823900FAE9FA /* InfoPlist.strings in Resources */ = {isa = PBXBuildFile; fileRef = FCA1EAED14F3823900FAE9FA /* InfoPlist.strings */; };
		FCA1EAF114F3823900FAE9FA /* main.m in Sources */ = {isa = PBXBuildFile; fileRef = FCA1EAF014F3823900FAE9FA /* main.m */; };
		FCA1EAF514F3823900FAE9FA /* AppDelegate.m in Sources */ = {isa = PBXBuildFile; fileRef = FCA1EAF414F3823900FAE9FA /* AppDelegate.m */; };
		FCA1EAFD14F3823A00FAE9FA /* SenTestingKit.framework in Frameworks */ = {isa = PBXBuildFile; fileRef = FCA1EAFC14F3823A00FAE9FA /* SenTestingKit.framework */; };
		FCA1EAFE14F3823A00FAE9FA /* UIKit.framework in Frameworks */ = {isa = PBXBuildFile; fileRef = FCA1EAE414F3823900FAE9FA /* UIKit.framework */; };
		FCA1EAFF14F3823A00FAE9FA /* Foundation.framework in Frameworks */ = {isa = PBXBuildFile; fileRef = FCA1EAE614F3823900FAE9FA /* Foundation.framework */; };
		FCA1EB0714F3823A00FAE9FA /* InfoPlist.strings in Resources */ = {isa = PBXBuildFile; fileRef = FCA1EB0514F3823A00FAE9FA /* InfoPlist.strings */; };
		FCA1EB0A14F3823A00FAE9FA /* TouchPhotoTests.m in Sources */ = {isa = PBXBuildFile; fileRef = FCA1EB0914F3823A00FAE9FA /* TouchPhotoTests.m */; };
/* End PBXBuildFile section */

/* Begin PBXContainerItemProxy section */
		FCA1EB0014F3823A00FAE9FA /* PBXContainerItemProxy */ = {
			isa = PBXContainerItemProxy;
			containerPortal = FCA1EAD714F3823900FAE9FA /* Project object */;
			proxyType = 1;
			remoteGlobalIDString = FCA1EADF14F3823900FAE9FA;
			remoteInfo = TouchPhoto;
		};
/* End PBXContainerItemProxy section */

/* Begin PBXFileReference section */
		FCA1EAE014F3823900FAE9FA /* TouchPhoto.app */ = {isa = PBXFileReference; explicitFileType = wrapper.application; includeInIndex = 0; path = TouchPhoto.app; sourceTree = BUILT_PRODUCTS_DIR; };
		FCA1EAE414F3823900FAE9FA /* UIKit.framework */ = {isa = PBXFileReference; lastKnownFileType = wrapper.framework; name = UIKit.framework; path = System/Library/Frameworks/UIKit.framework; sourceTree = SDKROOT; };
		FCA1EAE614F3823900FAE9FA /* Foundation.framework */ = {isa = PBXFileReference; lastKnownFileType = wrapper.framework; name = Foundation.framework; path = System/Library/Frameworks/Foundation.framework; sourceTree = SDKROOT; };
		FCA1EAE814F3823900FAE9FA /* CoreGraphics.framework */ = {isa = PBXFileReference; lastKnownFileType = wrapper.framework; name = CoreGraphics.framework; path = System/Library/Frameworks/CoreGraphics.framework; sourceTree = SDKROOT; };
		FCA1EAEC14F3823900FAE9FA /* TouchPhoto-Info.plist */ = {isa = PBXFileReference; path = "TouchPhoto-Info.plist"; sourceTree = "<group>"; };
		FCA1EAEE14F3823900FAE9FA /* en */ = {isa = PBXFileReference; lastKnownFileType = text.plist.strings; name = en; path = en.lproj/InfoPlist.strings; sourceTree = "<group>"; };
		FCA1EAF014F3823900FAE9FA /* main.m */ = {isa = PBXFileReference; lastKnownFileType = sourcecode.c.objc; path = main.m; sourceTree = "<group>"; };
		FCA1EAF214F3823900FAE9FA /* TouchPhoto-Prefix.pch */ = {isa = PBXFileReference; path = "TouchPhoto-Prefix.pch"; sourceTree = "<group>"; };
		FCA1EAF314F3823900FAE9FA /* AppDelegate.h */ = {isa = PBXFileReference; path = AppDelegate.h; sourceTree = "<group>"; };
		FCA1EAF414F3823900FAE9FA /* AppDelegate.m */ = {isa = PBXFileReference; lastKnownFileType = sourcecode.c.objc; path = AppDelegate.m; sourceTree = "<group>"; };
		FCA1EAFB14F3823A00FAE9FA /* TouchPhotoTests.octest */ = {isa = PBXFileReference; explicitFileType = wrapper.cfbundle; includeInIndex = 0; path = TouchPhotoTests.octest; sourceTree = BUILT_PRODUCTS_DIR; };
		FCA1EAFC14F3823A00FAE9FA /* SenTestingKit.framework */ = {isa = PBXFileReference; lastKnownFileType = wrapper.framework; name = SenTestingKit.framework; path = Library/Frameworks/SenTestingKit.framework; sourceTree = DEVELOPER_DIR; };
		FCA1EB0414F3823A00FAE9FA /* TouchPhotoTests-Info.plist */ = {isa = PBXFileReference; path = "TouchPhotoTests-Info.plist"; sourceTree = "<group>"; };
		FCA1EB0614F3823A00FAE9FA /* en */ = {isa = PBXFileReference; lastKnownFileType = text.plist.strings; name = en; path = en.lproj/InfoPlist.strings; sourceTree = "<group>"; };
		FCA1EB0814F3823A00FAE9FA /* TouchPhotoTests.h */ = {isa = PBXFileReference; path = TouchPhotoTests.h; sourceTree = "<group>"; };
		FCA1EB0914F3823A00FAE9FA /* TouchPhotoTests.m */ = {isa = PBXFileReference; lastKnownFileType = sourcecode.c.objc; path = TouchPhotoTests.m; sourceTree = "<group>"; };
/* End PBXFileReference section */

/* Begin PBXFrameworksBuildPhase section */
		FCA1EADD14F3823900FAE9FA /* Frameworks */ = {
			isa = PBXFrameworksBuildPhase;
			buildActionMask = 2147483647;
			files = (
				FCA1EAE514F3823900FAE9FA /* UIKit.framework in Frameworks */,
				FCA1EAE714F3823900FAE9FA /* Foundation.framework in Frameworks */,
				FCA1EAE914F3823900FAE9FA /* CoreGraphics.framework in Frameworks */,
			);
			runOnlyForDeploymentPostprocessing = 0;
		};
		FCA1EAF714F3823A00FAE9FA /* Frameworks */ = {
			isa = PBXFrameworksBuildPhase;
			buildActionMask = 2147483647;
			files = (
				FCA1EAFD14F3823A00FAE9FA /* SenTestingKit.framework in Frameworks */,
				FCA1EAFE14F3823A00FAE9FA /* UIKit.framework in Frameworks */,
				FCA1EAFF14F3823A00FAE9FA /* Foundation.framework in Frameworks */,
			);
			runOnlyForDeploymentPostprocessing = 0;
		};
/* End PBXFrameworksBuildPhase section */

/* Begin PBXGroup section */
		FCA1EAD514F3823900FAE9FA = {
			isa = PBXGroup;
			children = (
				FCA1EAEA14F3823900FAE9FA /* TouchPhoto */,
				FCA1EB0214F3823A00FAE9FA /* TouchPhotoTests */,
				FCA1EAE314F3823900FAE9FA /* Frameworks */,
				FCA1EAE114F3823900FAE9FA /* Products */,
			);
			sourceTree = "<group>";
		};
		FCA1EAE114F3823900FAE9FA /* Products */ = {
			isa = PBXGroup;
			children = (
				FCA1EAE014F3823900FAE9FA /* TouchPhoto.app */,
				FCA1EAFB14F3823A00FAE9FA /* TouchPhotoTests.octest */,
			);
			name = Products;
			sourceTree = "<group>";
		};
		FCA1EAE314F3823900FAE9FA /* Frameworks */ = {
			isa = PBXGroup;
			children = (
				FCA1EAE414F3823900FAE9FA /* UIKit.framework */,
				FCA1EAE614F3823900FAE9FA /* Foundation.framework */,
				FCA1EAE814F3823900FAE9FA /* CoreGraphics.framework */,
				FCA1EAFC14F3823A00FAE9FA /* SenTestingKit.framework */,
			);
			name = Frameworks;
			sourceTree = "<group>";
		};
		FCA1EAEA14F3823900FAE9FA /* TouchPhoto */ = {
			isa = PBXGroup;
			children = (
				FCA1EAF314F3823900FAE9FA /* AppDelegate.h */,
				FCA1EAF414F3823900FAE9FA /* AppDelegate.m */,
				FCA1EAEB14F3823900FAE9FA /* Supporting Files */,
			);
			path = TouchPhoto;
			sourceTree = "<group>";
		};
		FCA1EAEB14F3823900FAE9FA /* Supporting Files */ = {
			isa = PBXGroup;
			children = (
				FCA1EAEC14F3823900FAE9FA /* TouchPhoto-Info.plist */,
				FCA1EAED14F3823900FAE9FA /* InfoPlist.strings */,
				FCA1EAF014F3823900FAE9FA /* main.m */,
				FCA1EAF214F3823900FAE9FA /* TouchPhoto-Prefix.pch */,
			);
			name = "Supporting Files";
			sourceTree = "<group>";
		};
		FCA1EB0214F3823A00FAE9FA /* TouchPhotoTests */ = {
			isa = PBXGroup;
			children = (
				FCA1EB0814F3823A00FAE9FA /* TouchPhotoTests.h */,
				FCA1EB0914F3823A00FAE9FA /* TouchPhotoTests.m */,
				FCA1EB0314F3823A00FAE9FA /* Supporting Files */,
			);
			path = TouchPhotoTests;
			sourceTree = "<group>";
		};
		FCA1EB0314F3823A00FAE9FA /* Supporting Files */ = {
			isa = PBXGroup;
			children = (
				FCA1EB0414F3823A00FAE9FA /* TouchPhotoTests-Info.plist */,
				FCA1EB0514F3823A00FAE9FA /* InfoPlist.strings */,
			);
			name = "Supporting Files";
			sourceTree = "<group>";
		};
/* End PBXGroup section */

/* Begin PBXNativeTarget section */
		FCA1EADF14F3823900FAE9FA /* TouchPhoto */ = {
			isa = PBXNativeTarget;
			buildConfigurationList = FCA1EB0D14F3823A00FAE9FA /* Build configuration list for PBXNativeTarget "TouchPhoto" */;
			buildPhases = (
				FCA1EADC14F3823900FAE9FA /* Sources */,
				FCA1EADD14F3823900FAE9FA /* Frameworks */,
				FCA1EADE14F3823900FAE9FA /* Resources */,
			);
			buildRules = (
			);
			dependencies = (
			);
			name = TouchPhoto;
			productName = TouchPhoto;
			productReference = FCA1EAE014F3823900FAE9FA /* TouchPhoto.app */;
			productType = "com.apple.product-type.application";
		};
		FCA1EAFA14F3823A00FAE9FA /* TouchPhotoTests */ = {
			isa = PBXNativeTarget;
			buildConfigurationList = FCA1EB1014F3823A00FAE9FA /* Build configuration list for PBXNativeTarget "TouchPhotoTests" */;
			buildPhases = (
				FCA1EAF614F3823A00FAE9FA /* Sources */,
				FCA1EAF714F3823A00FAE9FA /* Frameworks */,
				FCA1EAF814F3823A00FAE9FA /* Resources */,
				FCA1EAF914F3823A00FAE9FA /* ShellScript */,
			);
			buildRules = (
			);
			dependencies = (
				FCA1EB0114F3823A00FAE9FA /* PBXTargetDependency */,
			);
			name = TouchPhotoTests;
			productName = TouchPhotoTests;
			productReference = FCA1EAFB14F3823A00FAE9FA /* TouchPhotoTests.octest */;
			productType = "com.apple.product-type.bundle";
		};
/* End PBXNativeTarget section */

/* Begin PBXProject section */
		FCA1EAD714F3823900FAE9FA /* Project object */ = {
			isa = PBXProject;
			attributes = {
				LastUpgradeCheck = 0420;
			};
			buildConfigurationList = FCA1EADA14F3823900FAE9FA /* Build configuration list for PBXProject "TouchPhoto" */;
			compatibilityVersion = "Xcode 3.2";
			developmentRegion = English;
			hasScannedForEncodings = 0;
			knownRegions = (
				en,
			);
			mainGroup = FCA1EAD514F3823900FAE9FA;
			productRefGroup = FCA1EAE114F3823900FAE9FA /* Products */;
			projectDirPath = "";
			projectRoot = "";
			targets = (
				FCA1EADF14F3823900FAE9FA /* TouchPhoto */,
				FCA1EAFA14F3823A00FAE9FA /* TouchPhotoTests */,
			);
		};
/* End PBXProject section */

/* Begin PBXResourcesBuildPhase section */
		FCA1EADE14F3823900FAE9FA /* Resources */ = {
			isa = PBXResourcesBuildPhase;
			buildActionMask = 2147483647;
			files = (
				FCA1EAEF14F3823900FAE9FA /* InfoPlist.strings in Resources */,
			);
			runOnlyForDeploymentPostprocessing = 0;
		};
		FCA1EAF814F3823A00FAE9FA /* Resources */ = {
			isa = PBXResourcesBuildPhase;
			buildActionMask = 2147483647;
			files = (
				FCA1EB0714F3823A00FAE9FA /* InfoPlist.strings in Resources */,
			);
			runOnlyForDeploymentPostprocessing = 0;
		};
/* End PBXResourcesBuildPhase section */

/* Begin PBXShellScriptBuildPhase section */
		FCA1EAF914F3823A00FAE9FA /* ShellScript */ = {
			isa = PBXShellScriptBuildPhase;
			buildActionMask = 2147483647;
			files = (
			);
			inputPaths = (
			);
			outputPaths = (
			);
			runOnlyForDeploymentPostprocessing = 0;
			shellPath = /bin/sh;
			shellScript = "# Run the unit tests in this test bundle.\n\"${SYSTEM_DEVELOPER_DIR}/Tools/RunUnitTests\"\n";
		};
/* End PBXShellScriptBuildPhase section */

/* Begin PBXSourcesBuildPhase section */
		FCA1EADC14F3823900FAE9FA /* Sources */ = {
			isa = PBXSourcesBuildPhase;
			buildActionMask = 2147483647;
			files = (
				FCA1EAF114F3823900FAE9FA /* main.m in Sources */,
				FCA1EAF514F3823900FAE9FA /* AppDelegate.m in Sources */,
			);
			runOnlyForDeploymentPostprocessing = 0;
		};
		FCA1EAF614F3823A00FAE9FA /* Sources */ = {
			isa = PBXSourcesBuildPhase;
			buildActionMask = 2147483647;
			files = (
				FCA1EB0A14F3823A00FAE9FA /* TouchPhotoTests.m in Sources */,
			);
			runOnlyForDeploymentPostprocessing = 0;
		};
/* End PBXSourcesBuildPhase section */

/* Begin PBXTargetDependency section */
		FCA1EB0114F3823A00FAE9FA /* PBXTargetDependency */ = {
			isa = PBXTargetDependency;
			target = FCA1EADF14F3823900FAE9FA /* TouchPhoto */;
			targetProxy = FCA1EB0014F3823A00FAE9FA /* PBXContainerItemProxy */;
		};
/* End PBXTargetDependency section */

/* Begin PBXVariantGroup section */
		FCA1EAED14F3823900FAE9FA /* InfoPlist.strings */ = {
			isa = PBXVariantGroup;
			children = (
				FCA1EAEE14F3823900FAE9FA /* en */,
			);
			name = InfoPlist.strings;
			sourceTree = "<group>";
		};
		FCA1EB0514F3823A00FAE9FA /* InfoPlist.strings */ = {
			isa = PBXVariantGroup;
			children = (
				FCA1EB0614F3823A00FAE9FA /* en */,
			);
			name = InfoPlist.strings;
			sourceTree = "<group>";
		};
/* End PBXVariantGroup section */

/* Begin XCBuildConfiguration section */
		FCA1EB0B14F3823A00FAE9FA /* Debug */ = {
			isa = XCBuildConfiguration;
			buildSettings = {
				ALWAYS_SEARCH_USER_PATHS = NO;
				ARCHS = "$(ARCHS_STANDARD_32_BIT)";
				CLANG_ENABLE_OBJC_ARC = YES;
				"CODE_SIGN_IDENTITY[sdk=iphoneos*]" = "iPhone Developer";
				COPY_PHASE_STRIP = NO;
				GCC_C_LANGUAGE_STANDARD = gnu99;
				GCC_DYNAMIC_NO_PIC = NO;
				GCC_OPTIMIZATION_LEVEL = 0;
				GCC_PREPROCESSOR_DEFINITIONS = (
					"DEBUG=1",
					"$(inherited)",
				);
				GCC_SYMBOLS_PRIVATE_EXTERN = NO;
				GCC_VERSION = com.apple.compilers.llvm.clang.1_0;
				GCC_WARN_ABOUT_MISSING_PROTOTYPES = YES;
				GCC_WARN_ABOUT_RETURN_TYPE = YES;
				GCC_WARN_UNUSED_VARIABLE = YES;
				IPHONEOS_DEPLOYMENT_TARGET = 5.0;
				SDKROOT = iphoneos;
				TARGETED_DEVICE_FAMILY = "1,2";
			};
			name = Debug;
		};
		FCA1EB0C14F3823A00FAE9FA /* Release */ = {
			isa = XCBuildConfiguration;
			buildSettings = {
				ALWAYS_SEARCH_USER_PATHS = NO;
				ARCHS = "$(ARCHS_STANDARD_32_BIT)";
				CLANG_ENABLE_OBJC_ARC = YES;
				"CODE_SIGN_IDENTITY[sdk=iphoneos*]" = "iPhone Developer";
				COPY_PHASE_STRIP = YES;
				GCC_C_LANGUAGE_STANDARD = gnu99;
				GCC_VERSION = com.apple.compilers.llvm.clang.1_0;
				GCC_WARN_ABOUT_MISSING_PROTOTYPES = YES;
				GCC_WARN_ABOUT_RETURN_TYPE = YES;
				GCC_WARN_UNUSED_VARIABLE = YES;
				IPHONEOS_DEPLOYMENT_TARGET = 5.0;
				OTHER_CFLAGS = "-DNS_BLOCK_ASSERTIONS=1";
				SDKROOT = iphoneos;
				TARGETED_DEVICE_FAMILY = "1,2";
				VALIDATE_PRODUCT = YES;
			};
			name = Release;
		};
		FCA1EB0E14F3823A00FAE9FA /* Debug */ = {
			isa = XCBuildConfiguration;
			buildSettings = {
				GCC_PRECOMPILE_PREFIX_HEADER = YES;
				GCC_PREFIX_HEADER = "TouchPhoto/TouchPhoto-Prefix.pch";
				INFOPLIST_FILE = "TouchPhoto/TouchPhoto-Info.plist";
				PRODUCT_NAME = "$(TARGET_NAME)";
				WRAPPER_EXTENSION = app;
			};
			name = Debug;
		};
		FCA1EB0F14F3823A00FAE9FA /* Release */ = {
			isa = XCBuildConfiguration;
			buildSettings = {
				GCC_PRECOMPILE_PREFIX_HEADER = YES;
				GCC_PREFIX_HEADER = "TouchPhoto/TouchPhoto-Prefix.pch";
				INFOPLIST_FILE = "TouchPhoto/TouchPhoto-Info.plist";
				PRODUCT_NAME = "$(TARGET_NAME)";
				WRAPPER_EXTENSION = app;
			};
			name = Release;
		};
		FCA1EB1114F3823A00FAE9FA /* Debug */ = {
			isa = XCBuildConfiguration;
			buildSettings = {
				BUNDLE_LOADER = "$(BUILT_PRODUCTS_DIR)/TouchPhoto.app/TouchPhoto";
				FRAMEWORK_SEARCH_PATHS = (
					"$(SDKROOT)/Developer/Library/Frameworks",
					"$(DEVELOPER_LIBRARY_DIR)/Frameworks",
				);
				GCC_PRECOMPILE_PREFIX_HEADER = YES;
				GCC_PREFIX_HEADER = "TouchPhoto/TouchPhoto-Prefix.pch";
				INFOPLIST_FILE = "TouchPhotoTests/TouchPhotoTests-Info.plist";
				PRODUCT_NAME = "$(TARGET_NAME)";
				TEST_HOST = "$(BUNDLE_LOADER)";
				WRAPPER_EXTENSION = octest;
			};
			name = Debug;
		};
		FCA1EB1214F3823A00FAE9FA /* Release */ = {
			isa = XCBuildConfiguration;
			buildSettings = {
				BUNDLE_LOADER = "$(BUILT_PRODUCTS_DIR)/TouchPhoto.app/TouchPhoto";
				FRAMEWORK_SEARCH_PATHS = (
					"$(SDKROOT)/Developer/Library/Frameworks",
					"$(DEVELOPER_LIBRARY_DIR)/Frameworks",
				);
				GCC_PRECOMPILE_PREFIX_HEADER = YES;
				GCC_PREFIX_HEADER = "TouchPhoto/TouchPhoto-Prefix.pch";
				INFOPLIST_FILE = "TouchPhotoTests/TouchPhotoTests-Info.plist";
				PRODUCT_NAME = "$(TARGET_NAME)";
				TEST_HOST = "$(BUNDLE_LOADER)";
				WRAPPER_EXTENSION = octest;
			};
			name = Release;
		};
/* End XCBuildConfiguration section */

/* Begin XCConfigurationList section */
		FCA1EADA14F3823900FAE9FA /* Build configuration list for PBXProject "TouchPhoto" */ = {
			isa = XCConfigurationList;
			buildConfigurations = (
				FCA1EB0B14F3823A00FAE9FA /* Debug */,
				FCA1EB0C14F3823A00FAE9FA /* Release */,
			);
			defaultConfigurationIsVisible = 0;
			defaultConfigurationName = Release;
		};
		FCA1EB0D14F3823A00FAE9FA /* Build configuration list for PBXNativeTarget "TouchPhoto" */ = {
			isa = XCConfigurationList;
			buildConfigurations = (
				FCA1EB0E14F3823A00FAE9FA /* Debug */,
				FCA1EB0F14F3823A00FAE9FA /* Release */,
			);
			defaultConfigurationIsVisible = 0;
		};
		FCA1EB1014F3823A00FAE9FA /* Build configuration list for PBXNativeTarget "TouchPhotoTests" */ = {
			isa = XCConfigurationList;
			buildConfigurations = (
				FCA1EB1114F3823A00FAE9FA /* Debug */,
				FCA1EB1214F3823A00FAE9FA /* Release */,
			);
			defaultConfigurationIsVisible = 0;
		};
/* End XCConfigurationList section */
	};
	rootObject = FCA1EAD714F3823900FAE9FA /* Project object */;
}
